{
  "name": "static",
  "lockfileVersion": 2,
  "requires": true,
  "packages": {
    "": {
      "dependencies": {
        "bootstrap": "^5.3.3",
        "datatables.net": "^2.0.3",
        "datatables.net-dt": "^2.0.3",
        "jquery": "^3.7.1",
        "js-base64": "^3.7.7",
        "plotly.js-dist-min": "^2.30.1"
      }
    },
    "node_modules/@popperjs/core": {
      "version": "2.11.8",
      "resolved": "https://registry.npmjs.org/@popperjs/core/-/core-2.11.8.tgz",
      "integrity": "sha512-P1st0aksCrn9sGZhp8GMYwBnQsbvAWsZAX44oXNNvLHGqAOcoVxmjZiohstwQ7SqKnbR47akdNi+uleWD8+g6A==",
      "peer": true,
      "funding": {
        "type": "opencollective",
        "url": "https://opencollective.com/popperjs"
      }
    },
    "node_modules/bootstrap": {
      "version": "5.3.3",
      "resolved": "https://registry.npmjs.org/bootstrap/-/bootstrap-5.3.3.tgz",
      "integrity": "sha512-8HLCdWgyoMguSO9o+aH+iuZ+aht+mzW0u3HIMzVu7Srrpv7EBBxTnrFlSCskwdY1+EOFQSm7uMJhNQHkdPcmjg==",
      "funding": [
        {
          "type": "github",
          "url": "https://github.com/sponsors/twbs"
        },
        {
          "type": "opencollective",
          "url": "https://opencollective.com/bootstrap"
        }
      ],
      "peerDependencies": {
        "@popperjs/core": "^2.11.8"
      }
    },
    "node_modules/datatables.net": {
      "version": "2.0.3",
      "resolved": "https://registry.npmjs.org/datatables.net/-/datatables.net-2.0.3.tgz",
      "integrity": "sha512-phq7jhkjIlVdahZYa2nd/yeiDgFrvT++Sily3GgztG3T7qqdAWkjtLuGA2Pv5p7XBwkJ0zwf+0KDRU54uR7WAg==",
      "dependencies": {
        "jquery": ">=1.7"
      }
    },
    "node_modules/datatables.net-dt": {
      "version": "2.0.3",
      "resolved": "https://registry.npmjs.org/datatables.net-dt/-/datatables.net-dt-2.0.3.tgz",
      "integrity": "sha512-1vz0QD+FoC/45J5MSuw2STzt0w6TShtT4QFFp9nLbx7LU1afds6bfVjLXTz12pg6i+2G0JFWKiErcYUSrHXvWQ==",
      "dependencies": {
        "datatables.net": "2.0.3",
        "jquery": ">=1.7"
      }
    },
    "node_modules/jquery": {
      "version": "3.7.1",
      "resolved": "https://registry.npmjs.org/jquery/-/jquery-3.7.1.tgz",
      "integrity": "sha512-m4avr8yL8kmFN8psrbFFFmB/If14iN5o9nw/NgnnM+kybDJpRsAynV2BsfpTYrTRysYUdADVD7CkUUizgkpLfg=="
    },
    "node_modules/js-base64": {
      "version": "3.7.7",
      "resolved": "https://registry.npmjs.org/js-base64/-/js-base64-3.7.7.tgz",
      "integrity": "sha512-7rCnleh0z2CkXhH67J8K1Ytz0b2Y+yxTPL+/KOJoa20hfnVQ/3/T6W/KflYI4bRHRagNeXeU2bkNGI3v1oS/lw=="
    },
    "node_modules/plotly.js-dist-min": {
      "version": "2.30.1",
      "resolved": "https://registry.npmjs.org/plotly.js-dist-min/-/plotly.js-dist-min-2.30.1.tgz",
      "integrity": "sha512-xWLni6EpBDwG/EdjCBTu+GK1Asuqswgh+YC77t0UAxa5OFFgpjYkVuvozZmkWqT9TKpvzjxkK4LLGv5Rn+yo7Q=="
    }
  },
  "dependencies": {
    "@popperjs/core": {
      "version": "2.11.8",
      "resolved": "https://registry.npmjs.org/@popperjs/core/-/core-2.11.8.tgz",
      "integrity": "sha512-P1st0aksCrn9sGZhp8GMYwBnQsbvAWsZAX44oXNNvLHGqAOcoVxmjZiohstwQ7SqKnbR47akdNi+uleWD8+g6A==",
      "peer": true
    },
    "bootstrap": {
      "version": "5.3.3",
      "resolved": "https://registry.npmjs.org/bootstrap/-/bootstrap-5.3.3.tgz",
      "integrity": "sha512-8HLCdWgyoMguSO9o+aH+iuZ+aht+mzW0u3HIMzVu7Srrpv7EBBxTnrFlSCskwdY1+EOFQSm7uMJhNQHkdPcmjg==",
      "requires": {}
    },
    "datatables.net": {
      "version": "2.0.3",
      "resolved": "https://registry.npmjs.org/datatables.net/-/datatables.net-2.0.3.tgz",
      "integrity": "sha512-phq7jhkjIlVdahZYa2nd/yeiDgFrvT++Sily3GgztG3T7qqdAWkjtLuGA2Pv5p7XBwkJ0zwf+0KDRU54uR7WAg==",
      "requires": {
        "jquery": ">=1.7"
      }
    },
    "datatables.net-dt": {
      "version": "2.0.3",
      "resolved": "https://registry.npmjs.org/datatables.net-dt/-/datatables.net-dt-2.0.3.tgz",
      "integrity": "sha512-1vz0QD+FoC/45J5MSuw2STzt0w6TShtT4QFFp9nLbx7LU1afds6bfVjLXTz12pg6i+2G0JFWKiErcYUSrHXvWQ==",
      "requires": {
        "datatables.net": "2.0.3",
        "jquery": ">=1.7"
      }
    },
    "jquery": {
      "version": "3.7.1",
      "resolved": "https://registry.npmjs.org/jquery/-/jquery-3.7.1.tgz",
      "integrity": "sha512-m4avr8yL8kmFN8psrbFFFmB/If14iN5o9nw/NgnnM+kybDJpRsAynV2BsfpTYrTRysYUdADVD7CkUUizgkpLfg=="
    },
    "js-base64": {
      "version": "3.7.7",
      "resolved": "https://registry.npmjs.org/js-base64/-/js-base64-3.7.7.tgz",
      "integrity": "sha512-7rCnleh0z2CkXhH67J8K1Ytz0b2Y+yxTPL+/KOJoa20hfnVQ/3/T6W/KflYI4bRHRagNeXeU2bkNGI3v1oS/lw=="
    },
    "plotly.js-dist-min": {
      "version": "2.30.1",
      "resolved": "https://registry.npmjs.org/plotly.js-dist-min/-/plotly.js-dist-min-2.30.1.tgz",
      "integrity": "sha512-xWLni6EpBDwG/EdjCBTu+GK1Asuqswgh+YC77t0UAxa5OFFgpjYkVuvozZmkWqT9TKpvzjxkK4LLGv5Rn+yo7Q=="
    }
  }
}
